// !$*UTF8*$!
{
	archiveVersion = 1;
	classes = {
	};
	objectVersion = 46;
	objects = {

/* Begin PBXBuildFile section */
		1AC6FB21180E996B004C840B /* libcocos2d Mac.a in Frameworks */ = {isa = PBXBuildFile; fileRef = 1AC6FAF9180E9839004C840B /* libcocos2d Mac.a */; };
		1AC6FB30180E99EB004C840B /* libcocos2d iOS.a in Frameworks */ = {isa = PBXBuildFile; fileRef = 1AC6FB07180E9839004C840B /* libcocos2d iOS.a */; };
		1D60589F0D05DD5A006BFB54 /* Foundation.framework in Frameworks */ = {isa = PBXBuildFile; fileRef = 1D30AB110D05D00D00671497 /* Foundation.framework */; };
		1DF5F4E00D08C38300B7A737 /* UIKit.framework in Frameworks */ = {isa = PBXBuildFile; fileRef = 1DF5F4DF0D08C38300B7A737 /* UIKit.framework */; };
		288765A50DF7441C002DB57D /* CoreGraphics.framework in Frameworks */ = {isa = PBXBuildFile; fileRef = 288765A40DF7441C002DB57D /* CoreGraphics.framework */; };
		2CF5847D1CFECDA600AD2978 /* MainScene.cpp in Sources */ = {isa = PBXBuildFile; fileRef = 2CF584731CFECDA600AD2978 /* MainScene.cpp */; };
		2CF5847E1CFECDA600AD2978 /* Player.cpp in Sources */ = {isa = PBXBuildFile; fileRef = 2CF584751CFECDA600AD2978 /* Player.cpp */; };
		2CF5847F1CFECDA600AD2978 /* Stage.cpp in Sources */ = {isa = PBXBuildFile; fileRef = 2CF584761CFECDA600AD2978 /* Stage.cpp */; };
		2CF584811CFECDA600AD2978 /* TitleScene.cpp in Sources */ = {isa = PBXBuildFile; fileRef = 2CF584781CFECDA600AD2978 /* TitleScene.cpp */; };
		2CF5848D1CFEDA7300AD2978 /* AudioUtils.cpp in Sources */ = {isa = PBXBuildFile; fileRef = 2CF5848B1CFEDA7300AD2978 /* AudioUtils.cpp */; };
		503AE0F817EB97AB00D1A890 /* Icon.icns in Resources */ = {isa = PBXBuildFile; fileRef = 503AE0F617EB97AB00D1A890 /* Icon.icns */; };
		503AE10217EB989F00D1A890 /* RootViewController.mm in Sources */ = {isa = PBXBuildFile; fileRef = 503AE0FF17EB989F00D1A890 /* RootViewController.mm */; };
		503AE10517EB98FF00D1A890 /* main.cpp in Sources */ = {isa = PBXBuildFile; fileRef = 503AE10317EB98FF00D1A890 /* main.cpp */; };
		503AE11B17EB9C5A00D1A890 /* IOKit.framework in Frameworks */ = {isa = PBXBuildFile; fileRef = 503AE11A17EB9C5A00D1A890 /* IOKit.framework */; };
		5087E76317EB910900C73F5D /* Foundation.framework in Frameworks */ = {isa = PBXBuildFile; fileRef = 1D30AB110D05D00D00671497 /* Foundation.framework */; };
		5087E76717EB910900C73F5D /* libz.dylib in Frameworks */ = {isa = PBXBuildFile; fileRef = BF170DB412928DE900B8313A /* libz.dylib */; };
		5087E76817EB910900C73F5D /* QuartzCore.framework in Frameworks */ = {isa = PBXBuildFile; fileRef = BF1C47EA1293683800B63C5D /* QuartzCore.framework */; };
		5087E76917EB910900C73F5D /* OpenAL.framework in Frameworks */ = {isa = PBXBuildFile; fileRef = D44C620B132DFF330009C878 /* OpenAL.framework */; };
		5087E76A17EB910900C73F5D /* AVFoundation.framework in Frameworks */ = {isa = PBXBuildFile; fileRef = D44C620D132DFF430009C878 /* AVFoundation.framework */; };
		5087E76B17EB910900C73F5D /* AudioToolbox.framework in Frameworks */ = {isa = PBXBuildFile; fileRef = D44C620F132DFF4E0009C878 /* AudioToolbox.framework */; };
		5087E77D17EB970100C73F5D /* Default-568h@2x.png in Resources */ = {isa = PBXBuildFile; fileRef = 5087E77217EB970100C73F5D /* Default-568h@2x.png */; };
		5087E77E17EB970100C73F5D /* Default.png in Resources */ = {isa = PBXBuildFile; fileRef = 5087E77317EB970100C73F5D /* Default.png */; };
		5087E77F17EB970100C73F5D /* Default@2x.png in Resources */ = {isa = PBXBuildFile; fileRef = 5087E77417EB970100C73F5D /* Default@2x.png */; };
		5087E78917EB974C00C73F5D /* AppKit.framework in Frameworks */ = {isa = PBXBuildFile; fileRef = 5087E78817EB974C00C73F5D /* AppKit.framework */; };
		5087E78B17EB975400C73F5D /* OpenGL.framework in Frameworks */ = {isa = PBXBuildFile; fileRef = 5087E78A17EB975400C73F5D /* OpenGL.framework */; };
		521A8E6419F0C34300D177D7 /* Default-667h@2x.png in Resources */ = {isa = PBXBuildFile; fileRef = 521A8E6219F0C34300D177D7 /* Default-667h@2x.png */; };
		521A8E6519F0C34300D177D7 /* Default-736h@3x.png in Resources */ = {isa = PBXBuildFile; fileRef = 521A8E6319F0C34300D177D7 /* Default-736h@3x.png */; };
		52B47A471A53D09C004E4C60 /* Security.framework in Frameworks */ = {isa = PBXBuildFile; fileRef = 52B47A461A53D09B004E4C60 /* Security.framework */; };
		8262943E1AAF051F00CB7CF7 /* Security.framework in Frameworks */ = {isa = PBXBuildFile; fileRef = 8262943D1AAF051F00CB7CF7 /* Security.framework */; };
		8A0F53AF1CF2DB300048A61F /* CoreData.framework in Frameworks */ = {isa = PBXBuildFile; fileRef = 8A0F53AE1CF2DB300048A61F /* CoreData.framework */; };
		8A1B0FA21CF6D2BA00546014 /* ic_menu_chara_66@2x.png in Resources */ = {isa = PBXBuildFile; fileRef = 8A1B0F9C1CF6D2BA00546014 /* ic_menu_chara_66@2x.png */; };
		8A1B0FA31CF6D2BA00546014 /* ic_menu_chara_on_66@2x.png in Resources */ = {isa = PBXBuildFile; fileRef = 8A1B0F9D1CF6D2BA00546014 /* ic_menu_chara_on_66@2x.png */; };
		8A1B0FA41CF6D2BA00546014 /* ic_menu_home_66@2x.png in Resources */ = {isa = PBXBuildFile; fileRef = 8A1B0F9E1CF6D2BA00546014 /* ic_menu_home_66@2x.png */; };
		8A1B0FA51CF6D2BA00546014 /* ic_menu_home_on_66@2x.png in Resources */ = {isa = PBXBuildFile; fileRef = 8A1B0F9F1CF6D2BA00546014 /* ic_menu_home_on_66@2x.png */; };
		8A1B0FA61CF6D2BA00546014 /* ic_menu_setting_66@2x.png in Resources */ = {isa = PBXBuildFile; fileRef = 8A1B0FA01CF6D2BA00546014 /* ic_menu_setting_66@2x.png */; };
		8A1B0FA71CF6D2BA00546014 /* ic_menu_setting_on_66@2x.png in Resources */ = {isa = PBXBuildFile; fileRef = 8A1B0FA11CF6D2BA00546014 /* ic_menu_setting_on_66@2x.png */; };
		8A43E88F1CFFFD5100A2654F /* images in Resources */ = {isa = PBXBuildFile; fileRef = 8A43E88E1CFFFD5100A2654F /* images */; };
		8A43E8911CFFFDEC00A2654F /* map in Resources */ = {isa = PBXBuildFile; fileRef = 8A43E8901CFFFDEC00A2654F /* map */; };
		8A43E8931CFFFDF400A2654F /* music in Resources */ = {isa = PBXBuildFile; fileRef = 8A43E8921CFFFDF400A2654F /* music */; };
		8A43E8951CFFFDFE00A2654F /* se in Resources */ = {isa = PBXBuildFile; fileRef = 8A43E8941CFFFDFE00A2654F /* se */; };
		8A630CFA1CFD6F8A00D7595F /* HelloWorld.png in Resources */ = {isa = PBXBuildFile; fileRef = 8A630CF71CFD6F8A00D7595F /* HelloWorld.png */; };
		8A7246C31CF6C1B800D856E3 /* Assets.xcassets in Resources */ = {isa = PBXBuildFile; fileRef = 8A7246C21CF6C1B800D856E3 /* Assets.xcassets */; };
		8AC9C2F71CF535880067A617 /* IOSAppDelegate.m in Sources */ = {isa = PBXBuildFile; fileRef = 8AC9C2F21CF535880067A617 /* IOSAppDelegate.m */; };
		8AC9C2F81CF535880067A617 /* CharactorViewController.m in Sources */ = {isa = PBXBuildFile; fileRef = 8AC9C2F41CF535880067A617 /* CharactorViewController.m */; };
		8AC9C2F91CF535880067A617 /* CocosController.mm in Sources */ = {isa = PBXBuildFile; fileRef = 8AC9C2F61CF535880067A617 /* CocosController.mm */; };
		8AC9C2FF1CF535990067A617 /* GameStoryboard.storyboard in Resources */ = {isa = PBXBuildFile; fileRef = 8AC9C2FA1CF535990067A617 /* GameStoryboard.storyboard */; };
		8AC9C3001CF535990067A617 /* GameViewController.mm in Sources */ = {isa = PBXBuildFile; fileRef = 8AC9C2FC1CF535990067A617 /* GameViewController.mm */; };
		8AC9C3011CF535990067A617 /* HomeViewController.m in Sources */ = {isa = PBXBuildFile; fileRef = 8AC9C2FE1CF535990067A617 /* HomeViewController.m */; };
		8AC9C3101CF535AE0067A617 /* LaunchScreen.storyboard in Resources */ = {isa = PBXBuildFile; fileRef = 8AC9C3031CF535AE0067A617 /* LaunchScreen.storyboard */; };
		8AC9C3121CF535AE0067A617 /* main.m in Sources */ = {isa = PBXBuildFile; fileRef = 8AC9C3051CF535AE0067A617 /* main.m */; };
		8AC9C3131CF535AE0067A617 /* Main.storyboard in Resources */ = {isa = PBXBuildFile; fileRef = 8AC9C3061CF535AE0067A617 /* Main.storyboard */; };
		8AC9C3141CF535AE0067A617 /* MasterData.plist in Resources */ = {isa = PBXBuildFile; fileRef = 8AC9C3071CF535AE0067A617 /* MasterData.plist */; };
		8AC9C3181CF535AE0067A617 /* SettingViewController.m in Sources */ = {isa = PBXBuildFile; fileRef = 8AC9C30E1CF535AE0067A617 /* SettingViewController.m */; };
		8AC9C3221CF537C80067A617 /* Charactor.m in Sources */ = {isa = PBXBuildFile; fileRef = 8AC9C31E1CF537C80067A617 /* Charactor.m */; };
		8AC9C3231CF537C80067A617 /* Charactor+CoreDataProperties.m in Sources */ = {isa = PBXBuildFile; fileRef = 8AC9C3201CF537C80067A617 /* Charactor+CoreDataProperties.m */; };
		8AC9C3241CF537C80067A617 /* SaveTheBird.xcdatamodeld in Sources */ = {isa = PBXBuildFile; fileRef = 8AC9C3211CF537C80067A617 /* SaveTheBird.xcdatamodeld */; };
		8AC9C32C1CF53EF10067A617 /* AppDelegate.cpp in Sources */ = {isa = PBXBuildFile; fileRef = 8AC9C3281CF53EF10067A617 /* AppDelegate.cpp */; };
		8AC9D13C1CF6C742002D1CC5 /* arial.ttf in Resources */ = {isa = PBXBuildFile; fileRef = 8AC9D1181CF6C742002D1CC5 /* arial.ttf */; };
		8AC9D13E1CF6C742002D1CC5 /* logotypejp_mp_m_1_1.ttf in Resources */ = {isa = PBXBuildFile; fileRef = 8AC9D11A1CF6C742002D1CC5 /* logotypejp_mp_m_1_1.ttf */; };
		8AC9D1401CF6C742002D1CC5 /* chara01_back_left.png in Resources */ = {isa = PBXBuildFile; fileRef = 8AC9D11F1CF6C742002D1CC5 /* chara01_back_left.png */; };
		8AC9D1411CF6C742002D1CC5 /* chara01_back_right.png in Resources */ = {isa = PBXBuildFile; fileRef = 8AC9D1201CF6C742002D1CC5 /* chara01_back_right.png */; };
		8AC9D1421CF6C742002D1CC5 /* chara01_back_stand.png in Resources */ = {isa = PBXBuildFile; fileRef = 8AC9D1211CF6C742002D1CC5 /* chara01_back_stand.png */; };
		8AC9D1431CF6C742002D1CC5 /* chara01_front_left.png in Resources */ = {isa = PBXBuildFile; fileRef = 8AC9D1221CF6C742002D1CC5 /* chara01_front_left.png */; };
		8AC9D1441CF6C742002D1CC5 /* chara01_front_right.png in Resources */ = {isa = PBXBuildFile; fileRef = 8AC9D1231CF6C742002D1CC5 /* chara01_front_right.png */; };
		8AC9D1451CF6C742002D1CC5 /* chara01_front_stand.png in Resources */ = {isa = PBXBuildFile; fileRef = 8AC9D1241CF6C742002D1CC5 /* chara01_front_stand.png */; };
		8AC9D1461CF6C742002D1CC5 /* chara01_name.png in Resources */ = {isa = PBXBuildFile; fileRef = 8AC9D1251CF6C742002D1CC5 /* chara01_name.png */; };
		8AC9D1471CF6C742002D1CC5 /* chara02_back_left.png in Resources */ = {isa = PBXBuildFile; fileRef = 8AC9D1271CF6C742002D1CC5 /* chara02_back_left.png */; };
		8AC9D1481CF6C742002D1CC5 /* chara02_back_right.png in Resources */ = {isa = PBXBuildFile; fileRef = 8AC9D1281CF6C742002D1CC5 /* chara02_back_right.png */; };
		8AC9D1491CF6C742002D1CC5 /* chara02_back_stand.png in Resources */ = {isa = PBXBuildFile; fileRef = 8AC9D1291CF6C742002D1CC5 /* chara02_back_stand.png */; };
		8AC9D14A1CF6C742002D1CC5 /* chara02_front_stand.png in Resources */ = {isa = PBXBuildFile; fileRef = 8AC9D12A1CF6C742002D1CC5 /* chara02_front_stand.png */; };
		8AC9D14B1CF6C742002D1CC5 /* chara02_name.png in Resources */ = {isa = PBXBuildFile; fileRef = 8AC9D12B1CF6C742002D1CC5 /* chara02_name.png */; };
		8AC9D14C1CF6C742002D1CC5 /* chara03_back_left.png in Resources */ = {isa = PBXBuildFile; fileRef = 8AC9D12D1CF6C742002D1CC5 /* chara03_back_left.png */; };
		8AC9D14D1CF6C742002D1CC5 /* chara03_back_right.png in Resources */ = {isa = PBXBuildFile; fileRef = 8AC9D12E1CF6C742002D1CC5 /* chara03_back_right.png */; };
		8AC9D14E1CF6C742002D1CC5 /* chara03_back_stand.png in Resources */ = {isa = PBXBuildFile; fileRef = 8AC9D12F1CF6C742002D1CC5 /* chara03_back_stand.png */; };
		8AC9D14F1CF6C742002D1CC5 /* chara03_front_stand.png in Resources */ = {isa = PBXBuildFile; fileRef = 8AC9D1301CF6C742002D1CC5 /* chara03_front_stand.png */; };
		8AC9D1501CF6C742002D1CC5 /* chara03_name.png in Resources */ = {isa = PBXBuildFile; fileRef = 8AC9D1311CF6C742002D1CC5 /* chara03_name.png */; };
		8AC9D1551CF6C742002D1CC5 /* .gitkeep in Resources */ = {isa = PBXBuildFile; fileRef = 8AC9D1381CF6C742002D1CC5 /* .gitkeep */; };
		8AC9D1561CF6C742002D1CC5 /* sample.mp3 in Resources */ = {isa = PBXBuildFile; fileRef = 8AC9D13A1CF6C742002D1CC5 /* sample.mp3 */; };
		8AC9D1571CF6C742002D1CC5 /* se_sample.mp3 in Resources */ = {isa = PBXBuildFile; fileRef = 8AC9D13B1CF6C742002D1CC5 /* se_sample.mp3 */; };
		BF171245129291EC00B8313A /* OpenGLES.framework in Frameworks */ = {isa = PBXBuildFile; fileRef = BF170DB012928DE900B8313A /* OpenGLES.framework */; };
		BF1712471292920000B8313A /* libz.dylib in Frameworks */ = {isa = PBXBuildFile; fileRef = BF170DB412928DE900B8313A /* libz.dylib */; };
		BF1C47F01293687400B63C5D /* QuartzCore.framework in Frameworks */ = {isa = PBXBuildFile; fileRef = BF1C47EA1293683800B63C5D /* QuartzCore.framework */; };
		D44C620C132DFF330009C878 /* OpenAL.framework in Frameworks */ = {isa = PBXBuildFile; fileRef = D44C620B132DFF330009C878 /* OpenAL.framework */; };
		D44C620E132DFF430009C878 /* AVFoundation.framework in Frameworks */ = {isa = PBXBuildFile; fileRef = D44C620D132DFF430009C878 /* AVFoundation.framework */; };
		D44C6210132DFF4E0009C878 /* AudioToolbox.framework in Frameworks */ = {isa = PBXBuildFile; fileRef = D44C620F132DFF4E0009C878 /* AudioToolbox.framework */; };
		D6B0611B1803AB670077942B /* CoreMotion.framework in Frameworks */ = {isa = PBXBuildFile; fileRef = D6B0611A1803AB670077942B /* CoreMotion.framework */; };
		ED545A7C1B68A1F400C3958E /* libiconv.dylib in Frameworks */ = {isa = PBXBuildFile; fileRef = ED545A7B1B68A1F400C3958E /* libiconv.dylib */; };
		ED545A7E1B68A1FA00C3958E /* libiconv.dylib in Frameworks */ = {isa = PBXBuildFile; fileRef = ED545A7D1B68A1FA00C3958E /* libiconv.dylib */; };
/* End PBXBuildFile section */

/* Begin PBXContainerItemProxy section */
		1AC6FAF8180E9839004C840B /* PBXContainerItemProxy */ = {
			isa = PBXContainerItemProxy;
			containerPortal = 1AC6FAE5180E9839004C840B /* cocos2d_libs.xcodeproj */;
			proxyType = 2;
			remoteGlobalIDString = 1551A33F158F2AB200E66CFE;
			remoteInfo = "cocos2dx Mac";
		};
		1AC6FB06180E9839004C840B /* PBXContainerItemProxy */ = {
			isa = PBXContainerItemProxy;
			containerPortal = 1AC6FAE5180E9839004C840B /* cocos2d_libs.xcodeproj */;
			proxyType = 2;
			remoteGlobalIDString = A07A4D641783777C0073F6A7;
			remoteInfo = "cocos2dx iOS";
		};
		1AC6FB15180E9959004C840B /* PBXContainerItemProxy */ = {
			isa = PBXContainerItemProxy;
			containerPortal = 1AC6FAE5180E9839004C840B /* cocos2d_libs.xcodeproj */;
			proxyType = 1;
			remoteGlobalIDString = 1551A33E158F2AB200E66CFE;
			remoteInfo = "cocos2dx Mac";
		};
		1AC6FB24180E99E1004C840B /* PBXContainerItemProxy */ = {
			isa = PBXContainerItemProxy;
			containerPortal = 1AC6FAE5180E9839004C840B /* cocos2d_libs.xcodeproj */;
			proxyType = 1;
			remoteGlobalIDString = A07A4C241783777C0073F6A7;
			remoteInfo = "cocos2dx iOS";
		};
		8A0F53831CF2D8900048A61F /* PBXContainerItemProxy */ = {
			isa = PBXContainerItemProxy;
			containerPortal = 1AC6FAE5180E9839004C840B /* cocos2d_libs.xcodeproj */;
			proxyType = 2;
			remoteGlobalIDString = 507B40FD1C31BDD30067B53E;
			remoteInfo = "libcocos2d tvOS";
		};
/* End PBXContainerItemProxy section */

/* Begin PBXFileReference section */
		1AC6FAE5180E9839004C840B /* cocos2d_libs.xcodeproj */ = {isa = PBXFileReference; lastKnownFileType = "wrapper.pb-project"; name = cocos2d_libs.xcodeproj; path = ../cocos2d/build/cocos2d_libs.xcodeproj; sourceTree = "<group>"; };
		1ACB3243164770DE00914215 /* libcurl.a */ = {isa = PBXFileReference; lastKnownFileType = archive.ar; name = libcurl.a; path = ../../cocos2dx/platform/third_party/ios/libraries/libcurl.a; sourceTree = "<group>"; };
		1D30AB110D05D00D00671497 /* Foundation.framework */ = {isa = PBXFileReference; lastKnownFileType = wrapper.framework; name = Foundation.framework; path = System/Library/Frameworks/Foundation.framework; sourceTree = SDKROOT; };
		1D6058910D05DD3D006BFB54 /* SaveTheBird-mobile.app */ = {isa = PBXFileReference; explicitFileType = wrapper.application; includeInIndex = 0; path = "SaveTheBird-mobile.app"; sourceTree = BUILT_PRODUCTS_DIR; };
		1DF5F4DF0D08C38300B7A737 /* UIKit.framework */ = {isa = PBXFileReference; lastKnownFileType = wrapper.framework; name = UIKit.framework; path = System/Library/Frameworks/UIKit.framework; sourceTree = SDKROOT; };
		288765A40DF7441C002DB57D /* CoreGraphics.framework */ = {isa = PBXFileReference; lastKnownFileType = wrapper.framework; name = CoreGraphics.framework; path = System/Library/Frameworks/CoreGraphics.framework; sourceTree = SDKROOT; };
		2CF584731CFECDA600AD2978 /* MainScene.cpp */ = {isa = PBXFileReference; fileEncoding = 4; lastKnownFileType = sourcecode.cpp.cpp; path = MainScene.cpp; sourceTree = "<group>"; };
		2CF584741CFECDA600AD2978 /* MainScene.h */ = {isa = PBXFileReference; fileEncoding = 4; lastKnownFileType = sourcecode.c.h; path = MainScene.h; sourceTree = "<group>"; };
		2CF584751CFECDA600AD2978 /* Player.cpp */ = {isa = PBXFileReference; fileEncoding = 4; lastKnownFileType = sourcecode.cpp.cpp; path = Player.cpp; sourceTree = "<group>"; };
		2CF584761CFECDA600AD2978 /* Stage.cpp */ = {isa = PBXFileReference; fileEncoding = 4; lastKnownFileType = sourcecode.cpp.cpp; path = Stage.cpp; sourceTree = "<group>"; };
		2CF584781CFECDA600AD2978 /* TitleScene.cpp */ = {isa = PBXFileReference; fileEncoding = 4; lastKnownFileType = sourcecode.cpp.cpp; path = TitleScene.cpp; sourceTree = "<group>"; };
		2CF5847A1CFECDA600AD2978 /* Player.h */ = {isa = PBXFileReference; fileEncoding = 4; lastKnownFileType = sourcecode.c.h; path = Player.h; sourceTree = "<group>"; };
		2CF5847B1CFECDA600AD2978 /* Stage.h */ = {isa = PBXFileReference; fileEncoding = 4; lastKnownFileType = sourcecode.c.h; path = Stage.h; sourceTree = "<group>"; };
		2CF5847C1CFECDA600AD2978 /* TitleScene.h */ = {isa = PBXFileReference; fileEncoding = 4; lastKnownFileType = sourcecode.c.h; path = TitleScene.h; sourceTree = "<group>"; };
		2CF5848B1CFEDA7300AD2978 /* AudioUtils.cpp */ = {isa = PBXFileReference; fileEncoding = 4; lastKnownFileType = sourcecode.cpp.cpp; path = AudioUtils.cpp; sourceTree = "<group>"; };
		2CF5848C1CFEDA7300AD2978 /* AudioUtils.h */ = {isa = PBXFileReference; fileEncoding = 4; lastKnownFileType = sourcecode.c.h; path = AudioUtils.h; sourceTree = "<group>"; };
		503AE0F617EB97AB00D1A890 /* Icon.icns */ = {isa = PBXFileReference; lastKnownFileType = image.icns; path = Icon.icns; sourceTree = "<group>"; };
		503AE0F717EB97AB00D1A890 /* Info.plist */ = {isa = PBXFileReference; fileEncoding = 4; lastKnownFileType = text.plist.xml; path = Info.plist; sourceTree = "<group>"; };
		503AE0FD17EB989F00D1A890 /* Prefix.pch */ = {isa = PBXFileReference; fileEncoding = 4; lastKnownFileType = sourcecode.c.h; name = Prefix.pch; path = ios/Prefix.pch; sourceTree = SOURCE_ROOT; };
		503AE0FE17EB989F00D1A890 /* RootViewController.h */ = {isa = PBXFileReference; fileEncoding = 4; lastKnownFileType = sourcecode.c.h; name = RootViewController.h; path = ios/RootViewController.h; sourceTree = SOURCE_ROOT; };
		503AE0FF17EB989F00D1A890 /* RootViewController.mm */ = {isa = PBXFileReference; fileEncoding = 4; lastKnownFileType = sourcecode.cpp.objcpp; name = RootViewController.mm; path = ios/RootViewController.mm; sourceTree = SOURCE_ROOT; };
		503AE10317EB98FF00D1A890 /* main.cpp */ = {isa = PBXFileReference; fileEncoding = 4; lastKnownFileType = sourcecode.cpp.cpp; name = main.cpp; path = mac/main.cpp; sourceTree = "<group>"; };
		503AE10417EB98FF00D1A890 /* Prefix.pch */ = {isa = PBXFileReference; fileEncoding = 4; lastKnownFileType = sourcecode.c.h; name = Prefix.pch; path = mac/Prefix.pch; sourceTree = "<group>"; };
		503AE11117EB99EE00D1A890 /* libcurl.dylib */ = {isa = PBXFileReference; lastKnownFileType = "compiled.mach-o.dylib"; name = libcurl.dylib; path = usr/lib/libcurl.dylib; sourceTree = SDKROOT; };
		503AE11A17EB9C5A00D1A890 /* IOKit.framework */ = {isa = PBXFileReference; lastKnownFileType = wrapper.framework; name = IOKit.framework; path = System/Library/Frameworks/IOKit.framework; sourceTree = SDKROOT; };
		5087E76F17EB910900C73F5D /* SaveTheBird-desktop.app */ = {isa = PBXFileReference; explicitFileType = wrapper.application; includeInIndex = 0; path = "SaveTheBird-desktop.app"; sourceTree = BUILT_PRODUCTS_DIR; };
		5087E77217EB970100C73F5D /* Default-568h@2x.png */ = {isa = PBXFileReference; lastKnownFileType = image.png; path = "Default-568h@2x.png"; sourceTree = "<group>"; };
		5087E77317EB970100C73F5D /* Default.png */ = {isa = PBXFileReference; lastKnownFileType = image.png; path = Default.png; sourceTree = "<group>"; };
		5087E77417EB970100C73F5D /* Default@2x.png */ = {isa = PBXFileReference; lastKnownFileType = image.png; path = "Default@2x.png"; sourceTree = "<group>"; };
		5087E78817EB974C00C73F5D /* AppKit.framework */ = {isa = PBXFileReference; lastKnownFileType = wrapper.framework; name = AppKit.framework; path = System/Library/Frameworks/AppKit.framework; sourceTree = SDKROOT; };
		5087E78A17EB975400C73F5D /* OpenGL.framework */ = {isa = PBXFileReference; lastKnownFileType = wrapper.framework; name = OpenGL.framework; path = System/Library/Frameworks/OpenGL.framework; sourceTree = SDKROOT; };
		521A8E6219F0C34300D177D7 /* Default-667h@2x.png */ = {isa = PBXFileReference; lastKnownFileType = image.png; path = "Default-667h@2x.png"; sourceTree = "<group>"; };
		521A8E6319F0C34300D177D7 /* Default-736h@3x.png */ = {isa = PBXFileReference; lastKnownFileType = image.png; path = "Default-736h@3x.png"; sourceTree = "<group>"; };
		52B47A461A53D09B004E4C60 /* Security.framework */ = {isa = PBXFileReference; lastKnownFileType = wrapper.framework; name = Security.framework; path = Platforms/iPhoneOS.platform/Developer/SDKs/iPhoneOS8.1.sdk/System/Library/Frameworks/Security.framework; sourceTree = DEVELOPER_DIR; };
		8262943D1AAF051F00CB7CF7 /* Security.framework */ = {isa = PBXFileReference; lastKnownFileType = wrapper.framework; name = Security.framework; path = System/Library/Frameworks/Security.framework; sourceTree = SDKROOT; };
		8A0F53AE1CF2DB300048A61F /* CoreData.framework */ = {isa = PBXFileReference; lastKnownFileType = wrapper.framework; name = CoreData.framework; path = Platforms/iPhoneOS.platform/Developer/SDKs/iPhoneOS9.3.sdk/System/Library/Frameworks/CoreData.framework; sourceTree = DEVELOPER_DIR; };
		8A1B0F9C1CF6D2BA00546014 /* ic_menu_chara_66@2x.png */ = {isa = PBXFileReference; lastKnownFileType = image.png; path = "ic_menu_chara_66@2x.png"; sourceTree = "<group>"; };
		8A1B0F9D1CF6D2BA00546014 /* ic_menu_chara_on_66@2x.png */ = {isa = PBXFileReference; lastKnownFileType = image.png; path = "ic_menu_chara_on_66@2x.png"; sourceTree = "<group>"; };
		8A1B0F9E1CF6D2BA00546014 /* ic_menu_home_66@2x.png */ = {isa = PBXFileReference; lastKnownFileType = image.png; path = "ic_menu_home_66@2x.png"; sourceTree = "<group>"; };
		8A1B0F9F1CF6D2BA00546014 /* ic_menu_home_on_66@2x.png */ = {isa = PBXFileReference; lastKnownFileType = image.png; path = "ic_menu_home_on_66@2x.png"; sourceTree = "<group>"; };
		8A1B0FA01CF6D2BA00546014 /* ic_menu_setting_66@2x.png */ = {isa = PBXFileReference; lastKnownFileType = image.png; path = "ic_menu_setting_66@2x.png"; sourceTree = "<group>"; };
		8A1B0FA11CF6D2BA00546014 /* ic_menu_setting_on_66@2x.png */ = {isa = PBXFileReference; lastKnownFileType = image.png; path = "ic_menu_setting_on_66@2x.png"; sourceTree = "<group>"; };
		8A43E88E1CFFFD5100A2654F /* images */ = {isa = PBXFileReference; lastKnownFileType = folder; path = images; sourceTree = "<group>"; };
		8A43E8901CFFFDEC00A2654F /* map */ = {isa = PBXFileReference; lastKnownFileType = folder; path = map; sourceTree = "<group>"; };
		8A43E8921CFFFDF400A2654F /* music */ = {isa = PBXFileReference; lastKnownFileType = folder; path = music; sourceTree = "<group>"; };
		8A43E8941CFFFDFE00A2654F /* se */ = {isa = PBXFileReference; lastKnownFileType = folder; path = se; sourceTree = "<group>"; };
		8A630CF71CFD6F8A00D7595F /* HelloWorld.png */ = {isa = PBXFileReference; lastKnownFileType = image.png; path = HelloWorld.png; sourceTree = "<group>"; };
		8A7246C21CF6C1B800D856E3 /* Assets.xcassets */ = {isa = PBXFileReference; lastKnownFileType = folder.assetcatalog; name = Assets.xcassets; path = ios/Assets.xcassets; sourceTree = SOURCE_ROOT; };
		8AC9C2F11CF535880067A617 /* IOSAppDelegate.h */ = {isa = PBXFileReference; fileEncoding = 4; lastKnownFileType = sourcecode.c.h; name = IOSAppDelegate.h; path = ios/IOSAppDelegate.h; sourceTree = SOURCE_ROOT; };
		8AC9C2F21CF535880067A617 /* IOSAppDelegate.m */ = {isa = PBXFileReference; fileEncoding = 4; lastKnownFileType = sourcecode.c.objc; name = IOSAppDelegate.m; path = ios/IOSAppDelegate.m; sourceTree = SOURCE_ROOT; };
		8AC9C2F31CF535880067A617 /* CharactorViewController.h */ = {isa = PBXFileReference; fileEncoding = 4; lastKnownFileType = sourcecode.c.h; name = CharactorViewController.h; path = ios/CharactorViewController.h; sourceTree = SOURCE_ROOT; };
		8AC9C2F41CF535880067A617 /* CharactorViewController.m */ = {isa = PBXFileReference; fileEncoding = 4; lastKnownFileType = sourcecode.c.objc; name = CharactorViewController.m; path = ios/CharactorViewController.m; sourceTree = SOURCE_ROOT; };
		8AC9C2F51CF535880067A617 /* CocosController.h */ = {isa = PBXFileReference; fileEncoding = 4; lastKnownFileType = sourcecode.c.h; name = CocosController.h; path = ios/CocosController.h; sourceTree = SOURCE_ROOT; };
		8AC9C2F61CF535880067A617 /* CocosController.mm */ = {isa = PBXFileReference; fileEncoding = 4; lastKnownFileType = sourcecode.cpp.objcpp; name = CocosController.mm; path = ios/CocosController.mm; sourceTree = SOURCE_ROOT; };
		8AC9C2FA1CF535990067A617 /* GameStoryboard.storyboard */ = {isa = PBXFileReference; fileEncoding = 4; lastKnownFileType = file.storyboard; name = GameStoryboard.storyboard; path = ios/GameStoryboard.storyboard; sourceTree = SOURCE_ROOT; };
		8AC9C2FB1CF535990067A617 /* GameViewController.h */ = {isa = PBXFileReference; fileEncoding = 4; lastKnownFileType = sourcecode.c.h; name = GameViewController.h; path = ios/GameViewController.h; sourceTree = SOURCE_ROOT; };
		8AC9C2FC1CF535990067A617 /* GameViewController.mm */ = {isa = PBXFileReference; fileEncoding = 4; lastKnownFileType = sourcecode.cpp.objcpp; name = GameViewController.mm; path = ios/GameViewController.mm; sourceTree = SOURCE_ROOT; };
		8AC9C2FD1CF535990067A617 /* HomeViewController.h */ = {isa = PBXFileReference; fileEncoding = 4; lastKnownFileType = sourcecode.c.h; name = HomeViewController.h; path = ios/HomeViewController.h; sourceTree = SOURCE_ROOT; };
		8AC9C2FE1CF535990067A617 /* HomeViewController.m */ = {isa = PBXFileReference; fileEncoding = 4; lastKnownFileType = sourcecode.c.objc; name = HomeViewController.m; path = ios/HomeViewController.m; sourceTree = SOURCE_ROOT; };
		8AC9C3021CF535AE0067A617 /* Info.plist */ = {isa = PBXFileReference; fileEncoding = 4; lastKnownFileType = text.plist.xml; name = Info.plist; path = ios/Info.plist; sourceTree = SOURCE_ROOT; };
		8AC9C3031CF535AE0067A617 /* LaunchScreen.storyboard */ = {isa = PBXFileReference; fileEncoding = 4; lastKnownFileType = file.storyboard; name = LaunchScreen.storyboard; path = ios/LaunchScreen.storyboard; sourceTree = SOURCE_ROOT; };
		8AC9C3051CF535AE0067A617 /* main.m */ = {isa = PBXFileReference; fileEncoding = 4; lastKnownFileType = sourcecode.c.objc; name = main.m; path = ios/main.m; sourceTree = SOURCE_ROOT; };
		8AC9C3061CF535AE0067A617 /* Main.storyboard */ = {isa = PBXFileReference; fileEncoding = 4; lastKnownFileType = file.storyboard; name = Main.storyboard; path = ios/Main.storyboard; sourceTree = SOURCE_ROOT; };
		8AC9C3071CF535AE0067A617 /* MasterData.plist */ = {isa = PBXFileReference; fileEncoding = 4; lastKnownFileType = text.plist.xml; name = MasterData.plist; path = ios/MasterData.plist; sourceTree = SOURCE_ROOT; };
		8AC9C30D1CF535AE0067A617 /* SettingViewController.h */ = {isa = PBXFileReference; fileEncoding = 4; lastKnownFileType = sourcecode.c.h; name = SettingViewController.h; path = ios/SettingViewController.h; sourceTree = SOURCE_ROOT; };
		8AC9C30E1CF535AE0067A617 /* SettingViewController.m */ = {isa = PBXFileReference; fileEncoding = 4; lastKnownFileType = sourcecode.c.objc; name = SettingViewController.m; path = ios/SettingViewController.m; sourceTree = SOURCE_ROOT; };
		8AC9C31D1CF537C80067A617 /* Charactor.h */ = {isa = PBXFileReference; fileEncoding = 4; lastKnownFileType = sourcecode.c.h; name = Charactor.h; path = ios/Charactor.h; sourceTree = SOURCE_ROOT; };
		8AC9C31E1CF537C80067A617 /* Charactor.m */ = {isa = PBXFileReference; fileEncoding = 4; lastKnownFileType = sourcecode.c.objc; name = Charactor.m; path = ios/Charactor.m; sourceTree = SOURCE_ROOT; };
		8AC9C31F1CF537C80067A617 /* Charactor+CoreDataProperties.h */ = {isa = PBXFileReference; fileEncoding = 4; lastKnownFileType = sourcecode.c.h; name = "Charactor+CoreDataProperties.h"; path = "ios/Charactor+CoreDataProperties.h"; sourceTree = SOURCE_ROOT; };
		8AC9C3201CF537C80067A617 /* Charactor+CoreDataProperties.m */ = {isa = PBXFileReference; fileEncoding = 4; lastKnownFileType = sourcecode.c.objc; name = "Charactor+CoreDataProperties.m"; path = "ios/Charactor+CoreDataProperties.m"; sourceTree = SOURCE_ROOT; };
		8AC9C3281CF53EF10067A617 /* AppDelegate.cpp */ = {isa = PBXFileReference; fileEncoding = 4; lastKnownFileType = sourcecode.cpp.cpp; path = AppDelegate.cpp; sourceTree = "<group>"; };
		8AC9C3291CF53EF10067A617 /* AppDelegate.h */ = {isa = PBXFileReference; fileEncoding = 4; lastKnownFileType = sourcecode.c.h; path = AppDelegate.h; sourceTree = "<group>"; };
		8AC9D1181CF6C742002D1CC5 /* arial.ttf */ = {isa = PBXFileReference; lastKnownFileType = file; path = arial.ttf; sourceTree = "<group>"; };
		8AC9D11A1CF6C742002D1CC5 /* logotypejp_mp_m_1_1.ttf */ = {isa = PBXFileReference; lastKnownFileType = file; path = logotypejp_mp_m_1_1.ttf; sourceTree = "<group>"; };
		8AC9D11F1CF6C742002D1CC5 /* chara01_back_left.png */ = {isa = PBXFileReference; lastKnownFileType = image.png; path = chara01_back_left.png; sourceTree = "<group>"; };
		8AC9D1201CF6C742002D1CC5 /* chara01_back_right.png */ = {isa = PBXFileReference; lastKnownFileType = image.png; path = chara01_back_right.png; sourceTree = "<group>"; };
		8AC9D1211CF6C742002D1CC5 /* chara01_back_stand.png */ = {isa = PBXFileReference; lastKnownFileType = image.png; path = chara01_back_stand.png; sourceTree = "<group>"; };
		8AC9D1221CF6C742002D1CC5 /* chara01_front_left.png */ = {isa = PBXFileReference; lastKnownFileType = image.png; path = chara01_front_left.png; sourceTree = "<group>"; };
		8AC9D1231CF6C742002D1CC5 /* chara01_front_right.png */ = {isa = PBXFileReference; lastKnownFileType = image.png; path = chara01_front_right.png; sourceTree = "<group>"; };
		8AC9D1241CF6C742002D1CC5 /* chara01_front_stand.png */ = {isa = PBXFileReference; lastKnownFileType = image.png; path = chara01_front_stand.png; sourceTree = "<group>"; };
		8AC9D1251CF6C742002D1CC5 /* chara01_name.png */ = {isa = PBXFileReference; lastKnownFileType = image.png; path = chara01_name.png; sourceTree = "<group>"; };
		8AC9D1271CF6C742002D1CC5 /* chara02_back_left.png */ = {isa = PBXFileReference; lastKnownFileType = image.png; path = chara02_back_left.png; sourceTree = "<group>"; };
		8AC9D1281CF6C742002D1CC5 /* chara02_back_right.png */ = {isa = PBXFileReference; lastKnownFileType = image.png; path = chara02_back_right.png; sourceTree = "<group>"; };
		8AC9D1291CF6C742002D1CC5 /* chara02_back_stand.png */ = {isa = PBXFileReference; lastKnownFileType = image.png; path = chara02_back_stand.png; sourceTree = "<group>"; };
		8AC9D12A1CF6C742002D1CC5 /* chara02_front_stand.png */ = {isa = PBXFileReference; lastKnownFileType = image.png; path = chara02_front_stand.png; sourceTree = "<group>"; };
		8AC9D12B1CF6C742002D1CC5 /* chara02_name.png */ = {isa = PBXFileReference; lastKnownFileType = image.png; path = chara02_name.png; sourceTree = "<group>"; };
		8AC9D12D1CF6C742002D1CC5 /* chara03_back_left.png */ = {isa = PBXFileReference; lastKnownFileType = image.png; path = chara03_back_left.png; sourceTree = "<group>"; };
		8AC9D12E1CF6C742002D1CC5 /* chara03_back_right.png */ = {isa = PBXFileReference; lastKnownFileType = image.png; path = chara03_back_right.png; sourceTree = "<group>"; };
		8AC9D12F1CF6C742002D1CC5 /* chara03_back_stand.png */ = {isa = PBXFileReference; lastKnownFileType = image.png; path = chara03_back_stand.png; sourceTree = "<group>"; };
		8AC9D1301CF6C742002D1CC5 /* chara03_front_stand.png */ = {isa = PBXFileReference; lastKnownFileType = image.png; path = chara03_front_stand.png; sourceTree = "<group>"; };
		8AC9D1311CF6C742002D1CC5 /* chara03_name.png */ = {isa = PBXFileReference; lastKnownFileType = image.png; path = chara03_name.png; sourceTree = "<group>"; };
		8AC9D1381CF6C742002D1CC5 /* .gitkeep */ = {isa = PBXFileReference; fileEncoding = 4; lastKnownFileType = text; path = .gitkeep; sourceTree = "<group>"; };
		8AC9D13A1CF6C742002D1CC5 /* sample.mp3 */ = {isa = PBXFileReference; lastKnownFileType = audio.mp3; path = sample.mp3; sourceTree = "<group>"; };
		8AC9D13B1CF6C742002D1CC5 /* se_sample.mp3 */ = {isa = PBXFileReference; lastKnownFileType = audio.mp3; path = se_sample.mp3; sourceTree = "<group>"; };
		BF170DB012928DE900B8313A /* OpenGLES.framework */ = {isa = PBXFileReference; lastKnownFileType = wrapper.framework; name = OpenGLES.framework; path = System/Library/Frameworks/OpenGLES.framework; sourceTree = SDKROOT; };
		BF170DB412928DE900B8313A /* libz.dylib */ = {isa = PBXFileReference; lastKnownFileType = "compiled.mach-o.dylib"; name = libz.dylib; path = usr/lib/libz.dylib; sourceTree = SDKROOT; };
		BF1C47EA1293683800B63C5D /* QuartzCore.framework */ = {isa = PBXFileReference; lastKnownFileType = wrapper.framework; name = QuartzCore.framework; path = System/Library/Frameworks/QuartzCore.framework; sourceTree = SDKROOT; };
		D44C620B132DFF330009C878 /* OpenAL.framework */ = {isa = PBXFileReference; lastKnownFileType = wrapper.framework; name = OpenAL.framework; path = System/Library/Frameworks/OpenAL.framework; sourceTree = SDKROOT; };
		D44C620D132DFF430009C878 /* AVFoundation.framework */ = {isa = PBXFileReference; lastKnownFileType = wrapper.framework; name = AVFoundation.framework; path = System/Library/Frameworks/AVFoundation.framework; sourceTree = SDKROOT; };
		D44C620F132DFF4E0009C878 /* AudioToolbox.framework */ = {isa = PBXFileReference; lastKnownFileType = wrapper.framework; name = AudioToolbox.framework; path = System/Library/Frameworks/AudioToolbox.framework; sourceTree = SDKROOT; };
		D6B0611A1803AB670077942B /* CoreMotion.framework */ = {isa = PBXFileReference; lastKnownFileType = wrapper.framework; name = CoreMotion.framework; path = Platforms/iPhoneOS.platform/Developer/SDKs/iPhoneOS7.0.sdk/System/Library/Frameworks/CoreMotion.framework; sourceTree = DEVELOPER_DIR; };
		ED545A7B1B68A1F400C3958E /* libiconv.dylib */ = {isa = PBXFileReference; lastKnownFileType = "compiled.mach-o.dylib"; name = libiconv.dylib; path = Platforms/iPhoneOS.platform/Developer/SDKs/iPhoneOS8.4.sdk/usr/lib/libiconv.dylib; sourceTree = DEVELOPER_DIR; };
		ED545A7D1B68A1FA00C3958E /* libiconv.dylib */ = {isa = PBXFileReference; lastKnownFileType = "compiled.mach-o.dylib"; name = libiconv.dylib; path = usr/lib/libiconv.dylib; sourceTree = SDKROOT; };
/* End PBXFileReference section */

/* Begin PBXFrameworksBuildPhase section */
		1D60588F0D05DD3D006BFB54 /* Frameworks */ = {
			isa = PBXFrameworksBuildPhase;
			buildActionMask = 2147483647;
			files = (
				8A0F53AF1CF2DB300048A61F /* CoreData.framework in Frameworks */,
				ED545A7C1B68A1F400C3958E /* libiconv.dylib in Frameworks */,
				52B47A471A53D09C004E4C60 /* Security.framework in Frameworks */,
				1AC6FB30180E99EB004C840B /* libcocos2d iOS.a in Frameworks */,
				D6B0611B1803AB670077942B /* CoreMotion.framework in Frameworks */,
				1D60589F0D05DD5A006BFB54 /* Foundation.framework in Frameworks */,
				1DF5F4E00D08C38300B7A737 /* UIKit.framework in Frameworks */,
				288765A50DF7441C002DB57D /* CoreGraphics.framework in Frameworks */,
				BF171245129291EC00B8313A /* OpenGLES.framework in Frameworks */,
				BF1712471292920000B8313A /* libz.dylib in Frameworks */,
				BF1C47F01293687400B63C5D /* QuartzCore.framework in Frameworks */,
				D44C620C132DFF330009C878 /* OpenAL.framework in Frameworks */,
				D44C620E132DFF430009C878 /* AVFoundation.framework in Frameworks */,
				D44C6210132DFF4E0009C878 /* AudioToolbox.framework in Frameworks */,
			);
			runOnlyForDeploymentPostprocessing = 0;
		};
		5087E75C17EB910900C73F5D /* Frameworks */ = {
			isa = PBXFrameworksBuildPhase;
			buildActionMask = 2147483647;
			files = (
				ED545A7E1B68A1FA00C3958E /* libiconv.dylib in Frameworks */,
				1AC6FB21180E996B004C840B /* libcocos2d Mac.a in Frameworks */,
				5087E76717EB910900C73F5D /* libz.dylib in Frameworks */,
				8262943E1AAF051F00CB7CF7 /* Security.framework in Frameworks */,
				503AE11B17EB9C5A00D1A890 /* IOKit.framework in Frameworks */,
				5087E78B17EB975400C73F5D /* OpenGL.framework in Frameworks */,
				5087E78917EB974C00C73F5D /* AppKit.framework in Frameworks */,
				5087E76317EB910900C73F5D /* Foundation.framework in Frameworks */,
				5087E76817EB910900C73F5D /* QuartzCore.framework in Frameworks */,
				5087E76917EB910900C73F5D /* OpenAL.framework in Frameworks */,
				5087E76A17EB910900C73F5D /* AVFoundation.framework in Frameworks */,
				5087E76B17EB910900C73F5D /* AudioToolbox.framework in Frameworks */,
			);
			runOnlyForDeploymentPostprocessing = 0;
		};
/* End PBXFrameworksBuildPhase section */

/* Begin PBXGroup section */
		080E96DDFE201D6D7F000001 /* ios */ = {
			isa = PBXGroup;
			children = (
				5087E77117EB970100C73F5D /* Icons */,
				8A7246C21CF6C1B800D856E3 /* Assets.xcassets */,
				503AE0FD17EB989F00D1A890 /* Prefix.pch */,
				503AE0FE17EB989F00D1A890 /* RootViewController.h */,
				503AE0FF17EB989F00D1A890 /* RootViewController.mm */,
				8AC9C2F11CF535880067A617 /* IOSAppDelegate.h */,
				8AC9C2F21CF535880067A617 /* IOSAppDelegate.m */,
				8AC9C2F51CF535880067A617 /* CocosController.h */,
				8AC9C2F61CF535880067A617 /* CocosController.mm */,
				8AC9C2FA1CF535990067A617 /* GameStoryboard.storyboard */,
				8AC9C2FB1CF535990067A617 /* GameViewController.h */,
				8AC9C2FC1CF535990067A617 /* GameViewController.mm */,
				8AC9C2FD1CF535990067A617 /* HomeViewController.h */,
				8AC9C2FE1CF535990067A617 /* HomeViewController.m */,
				8AC9C2F31CF535880067A617 /* CharactorViewController.h */,
				8AC9C2F41CF535880067A617 /* CharactorViewController.m */,
				8AC9C30D1CF535AE0067A617 /* SettingViewController.h */,
				8AC9C30E1CF535AE0067A617 /* SettingViewController.m */,
				8AC9C31D1CF537C80067A617 /* Charactor.h */,
				8AC9C31E1CF537C80067A617 /* Charactor.m */,
				8AC9C31F1CF537C80067A617 /* Charactor+CoreDataProperties.h */,
				8AC9C3201CF537C80067A617 /* Charactor+CoreDataProperties.m */,
				8AC9C3211CF537C80067A617 /* SaveTheBird.xcdatamodeld */,
				8AC9C3021CF535AE0067A617 /* Info.plist */,
				8AC9C3031CF535AE0067A617 /* LaunchScreen.storyboard */,
				8AC9C3051CF535AE0067A617 /* main.m */,
				8AC9C3061CF535AE0067A617 /* Main.storyboard */,
				8AC9C3071CF535AE0067A617 /* MasterData.plist */,
			);
			name = ios;
			path = Classes;
			sourceTree = "<group>";
		};
		19C28FACFE9D520D11CA2CBB /* Products */ = {
			isa = PBXGroup;
			children = (
				1D6058910D05DD3D006BFB54 /* SaveTheBird-mobile.app */,
				5087E76F17EB910900C73F5D /* SaveTheBird-desktop.app */,
			);
			name = Products;
			sourceTree = "<group>";
		};
		1AC6FAE6180E9839004C840B /* Products */ = {
			isa = PBXGroup;
			children = (
				1AC6FAF9180E9839004C840B /* libcocos2d Mac.a */,
				1AC6FB07180E9839004C840B /* libcocos2d iOS.a */,
				8A0F53841CF2D8900048A61F /* libcocos2d tvOS.a */,
			);
			name = Products;
			sourceTree = "<group>";
		};
		29B97314FDCFA39411CA2CEA /* CustomTemplate */ = {
			isa = PBXGroup;
			children = (
				46880B8319C43A87006E1F66 /* Classes */,
				46880B7519C43A67006E1F66 /* Resources */,
				1AC6FAE5180E9839004C840B /* cocos2d_libs.xcodeproj */,
				29B97323FDCFA39411CA2CEA /* Frameworks */,
				080E96DDFE201D6D7F000001 /* ios */,
				503AE10617EB990700D1A890 /* mac */,
				19C28FACFE9D520D11CA2CBB /* Products */,
			);
			name = CustomTemplate;
			sourceTree = "<group>";
		};
		29B97323FDCFA39411CA2CEA /* Frameworks */ = {
			isa = PBXGroup;
			children = (
				8A0F53AE1CF2DB300048A61F /* CoreData.framework */,
				ED545A7D1B68A1FA00C3958E /* libiconv.dylib */,
				ED545A7B1B68A1F400C3958E /* libiconv.dylib */,
				8262943D1AAF051F00CB7CF7 /* Security.framework */,
				52B47A461A53D09B004E4C60 /* Security.framework */,
				D6B0611A1803AB670077942B /* CoreMotion.framework */,
				503AE11A17EB9C5A00D1A890 /* IOKit.framework */,
				503AE11117EB99EE00D1A890 /* libcurl.dylib */,
				5087E78A17EB975400C73F5D /* OpenGL.framework */,
				5087E78817EB974C00C73F5D /* AppKit.framework */,
				1ACB3243164770DE00914215 /* libcurl.a */,
				BF170DB412928DE900B8313A /* libz.dylib */,
				D44C620F132DFF4E0009C878 /* AudioToolbox.framework */,
				D44C620D132DFF430009C878 /* AVFoundation.framework */,
				288765A40DF7441C002DB57D /* CoreGraphics.framework */,
				1D30AB110D05D00D00671497 /* Foundation.framework */,
				D44C620B132DFF330009C878 /* OpenAL.framework */,
				BF170DB012928DE900B8313A /* OpenGLES.framework */,
				BF1C47EA1293683800B63C5D /* QuartzCore.framework */,
				1DF5F4DF0D08C38300B7A737 /* UIKit.framework */,
			);
			name = Frameworks;
			sourceTree = "<group>";
		};
		46880B7519C43A67006E1F66 /* Resources */ = {
			isa = PBXGroup;
			children = (
				8A43E8941CFFFDFE00A2654F /* se */,
				8A43E8921CFFFDF400A2654F /* music */,
				8A43E8901CFFFDEC00A2654F /* map */,
				8A43E88E1CFFFD5100A2654F /* images */,
				8A630CF71CFD6F8A00D7595F /* HelloWorld.png */,
				8AC9D1171CF6C742002D1CC5 /* fonts */,
				8AC9D11C1CF6C742002D1CC5 /* image */,
				8AC9D1371CF6C742002D1CC5 /* res */,
				8AC9D1391CF6C742002D1CC5 /* sound */,
			);
			name = Resources;
			path = ../Resources;
			sourceTree = "<group>";
		};
		46880B8319C43A87006E1F66 /* Classes */ = {
			isa = PBXGroup;
			children = (
				2CF5848B1CFEDA7300AD2978 /* AudioUtils.cpp */,
				2CF5848C1CFEDA7300AD2978 /* AudioUtils.h */,
				2CF584731CFECDA600AD2978 /* MainScene.cpp */,
				2CF584741CFECDA600AD2978 /* MainScene.h */,
				2CF584751CFECDA600AD2978 /* Player.cpp */,
				2CF5847A1CFECDA600AD2978 /* Player.h */,
				2CF584761CFECDA600AD2978 /* Stage.cpp */,
				2CF5847B1CFECDA600AD2978 /* Stage.h */,
				2CF584781CFECDA600AD2978 /* TitleScene.cpp */,
				2CF5847C1CFECDA600AD2978 /* TitleScene.h */,
				8AC9C3281CF53EF10067A617 /* AppDelegate.cpp */,
				8AC9C3291CF53EF10067A617 /* AppDelegate.h */,
			);
			name = Classes;
			path = ../Classes;
			sourceTree = "<group>";
		};
		503AE0F517EB97AB00D1A890 /* Icons */ = {
			isa = PBXGroup;
			children = (
				503AE0F617EB97AB00D1A890 /* Icon.icns */,
				503AE0F717EB97AB00D1A890 /* Info.plist */,
			);
			name = Icons;
			path = mac;
			sourceTree = SOURCE_ROOT;
		};
		503AE10617EB990700D1A890 /* mac */ = {
			isa = PBXGroup;
			children = (
				503AE0F517EB97AB00D1A890 /* Icons */,
				503AE10317EB98FF00D1A890 /* main.cpp */,
				503AE10417EB98FF00D1A890 /* Prefix.pch */,
			);
			name = mac;
			sourceTree = "<group>";
		};
		5087E77117EB970100C73F5D /* Icons */ = {
			isa = PBXGroup;
			children = (
				521A8E6219F0C34300D177D7 /* Default-667h@2x.png */,
				521A8E6319F0C34300D177D7 /* Default-736h@3x.png */,
				5087E77217EB970100C73F5D /* Default-568h@2x.png */,
				5087E77317EB970100C73F5D /* Default.png */,
				5087E77417EB970100C73F5D /* Default@2x.png */,
			);
			name = Icons;
			path = ios;
			sourceTree = SOURCE_ROOT;
		};
		8A1B0F8F1CF6CA0C00546014 /* menu */ = {
			isa = PBXGroup;
			children = (
				8A1B0F9C1CF6D2BA00546014 /* ic_menu_chara_66@2x.png */,
				8A1B0F9D1CF6D2BA00546014 /* ic_menu_chara_on_66@2x.png */,
				8A1B0F9E1CF6D2BA00546014 /* ic_menu_home_66@2x.png */,
				8A1B0F9F1CF6D2BA00546014 /* ic_menu_home_on_66@2x.png */,
				8A1B0FA01CF6D2BA00546014 /* ic_menu_setting_66@2x.png */,
				8A1B0FA11CF6D2BA00546014 /* ic_menu_setting_on_66@2x.png */,
			);
			path = menu;
			sourceTree = "<group>";
		};
		8AC9D1171CF6C742002D1CC5 /* fonts */ = {
			isa = PBXGroup;
			children = (
				8AC9D1181CF6C742002D1CC5 /* arial.ttf */,
				8AC9D11A1CF6C742002D1CC5 /* logotypejp_mp_m_1_1.ttf */,
			);
			path = fonts;
			sourceTree = "<group>";
		};
		8AC9D11C1CF6C742002D1CC5 /* image */ = {
			isa = PBXGroup;
			children = (
				8A1B0F8F1CF6CA0C00546014 /* menu */,
				8AC9D11D1CF6C742002D1CC5 /* chara */,
			);
			path = image;
			sourceTree = "<group>";
		};
		8AC9D11D1CF6C742002D1CC5 /* chara */ = {
			isa = PBXGroup;
			children = (
				8AC9D11E1CF6C742002D1CC5 /* chara01 */,
				8AC9D1261CF6C742002D1CC5 /* chara02 */,
				8AC9D12C1CF6C742002D1CC5 /* chara03 */,
			);
			path = chara;
			sourceTree = "<group>";
		};
		8AC9D11E1CF6C742002D1CC5 /* chara01 */ = {
			isa = PBXGroup;
			children = (
				8AC9D11F1CF6C742002D1CC5 /* chara01_back_left.png */,
				8AC9D1201CF6C742002D1CC5 /* chara01_back_right.png */,
				8AC9D1211CF6C742002D1CC5 /* chara01_back_stand.png */,
				8AC9D1221CF6C742002D1CC5 /* chara01_front_left.png */,
				8AC9D1231CF6C742002D1CC5 /* chara01_front_right.png */,
				8AC9D1241CF6C742002D1CC5 /* chara01_front_stand.png */,
				8AC9D1251CF6C742002D1CC5 /* chara01_name.png */,
			);
			path = chara01;
			sourceTree = "<group>";
		};
		8AC9D1261CF6C742002D1CC5 /* chara02 */ = {
			isa = PBXGroup;
			children = (
				8AC9D1271CF6C742002D1CC5 /* chara02_back_left.png */,
				8AC9D1281CF6C742002D1CC5 /* chara02_back_right.png */,
				8AC9D1291CF6C742002D1CC5 /* chara02_back_stand.png */,
				8AC9D12A1CF6C742002D1CC5 /* chara02_front_stand.png */,
				8AC9D12B1CF6C742002D1CC5 /* chara02_name.png */,
			);
			path = chara02;
			sourceTree = "<group>";
		};
		8AC9D12C1CF6C742002D1CC5 /* chara03 */ = {
			isa = PBXGroup;
			children = (
				8AC9D12D1CF6C742002D1CC5 /* chara03_back_left.png */,
				8AC9D12E1CF6C742002D1CC5 /* chara03_back_right.png */,
				8AC9D12F1CF6C742002D1CC5 /* chara03_back_stand.png */,
				8AC9D1301CF6C742002D1CC5 /* chara03_front_stand.png */,
				8AC9D1311CF6C742002D1CC5 /* chara03_name.png */,
			);
			path = chara03;
			sourceTree = "<group>";
		};
		8AC9D1371CF6C742002D1CC5 /* res */ = {
			isa = PBXGroup;
			children = (
				8AC9D1381CF6C742002D1CC5 /* .gitkeep */,
			);
			path = res;
			sourceTree = "<group>";
		};
		8AC9D1391CF6C742002D1CC5 /* sound */ = {
			isa = PBXGroup;
			children = (
				8AC9D13A1CF6C742002D1CC5 /* sample.mp3 */,
				8AC9D13B1CF6C742002D1CC5 /* se_sample.mp3 */,
			);
			path = sound;
			sourceTree = "<group>";
		};
/* End PBXGroup section */

/* Begin PBXNativeTarget section */
		1D6058900D05DD3D006BFB54 /* SaveTheBird-mobile */ = {
			isa = PBXNativeTarget;
			buildConfigurationList = 1D6058960D05DD3E006BFB54 /* Build configuration list for PBXNativeTarget "SaveTheBird-mobile" */;
			buildPhases = (
				1D60588D0D05DD3D006BFB54 /* Resources */,
				1D60588E0D05DD3D006BFB54 /* Sources */,
				1D60588F0D05DD3D006BFB54 /* Frameworks */,
			);
			buildRules = (
			);
			dependencies = (
				1AC6FB25180E99E1004C840B /* PBXTargetDependency */,
			);
			name = "SaveTheBird-mobile";
			productName = iphone;
			productReference = 1D6058910D05DD3D006BFB54 /* SaveTheBird-mobile.app */;
			productType = "com.apple.product-type.application";
		};
		5087E73D17EB910900C73F5D /* SaveTheBird-desktop */ = {
			isa = PBXNativeTarget;
			buildConfigurationList = 5087E76C17EB910900C73F5D /* Build configuration list for PBXNativeTarget "SaveTheBird-desktop" */;
			buildPhases = (
				5087E74817EB910900C73F5D /* Resources */,
				5087E75617EB910900C73F5D /* Sources */,
				5087E75C17EB910900C73F5D /* Frameworks */,
			);
			buildRules = (
			);
			dependencies = (
				1AC6FB16180E9959004C840B /* PBXTargetDependency */,
			);
			name = "SaveTheBird-desktop";
			productName = iphone;
			productReference = 5087E76F17EB910900C73F5D /* SaveTheBird-desktop.app */;
			productType = "com.apple.product-type.application";
		};
/* End PBXNativeTarget section */

/* Begin PBXProject section */
		29B97313FDCFA39411CA2CEA /* Project object */ = {
			isa = PBXProject;
			attributes = {
				LastUpgradeCheck = 0730;
				TargetAttributes = {
					1D6058900D05DD3D006BFB54 = {
						DevelopmentTeam = E7X9G8496L;
					};
				};
			};
			buildConfigurationList = C01FCF4E08A954540054247B /* Build configuration list for PBXProject "SaveTheBird" */;
			compatibilityVersion = "Xcode 3.2";
			developmentRegion = English;
			hasScannedForEncodings = 1;
			knownRegions = (
				English,
				Japanese,
				French,
				German,
			);
			mainGroup = 29B97314FDCFA39411CA2CEA /* CustomTemplate */;
			projectDirPath = "";
			projectReferences = (
				{
					ProductGroup = 1AC6FAE6180E9839004C840B /* Products */;
					ProjectRef = 1AC6FAE5180E9839004C840B /* cocos2d_libs.xcodeproj */;
				},
			);
			projectRoot = "";
			targets = (
				1D6058900D05DD3D006BFB54 /* SaveTheBird-mobile */,
				5087E73D17EB910900C73F5D /* SaveTheBird-desktop */,
			);
		};
/* End PBXProject section */

/* Begin PBXReferenceProxy section */
		1AC6FAF9180E9839004C840B /* libcocos2d Mac.a */ = {
			isa = PBXReferenceProxy;
			fileType = archive.ar;
			path = "libcocos2d Mac.a";
			remoteRef = 1AC6FAF8180E9839004C840B /* PBXContainerItemProxy */;
			sourceTree = BUILT_PRODUCTS_DIR;
		};
		1AC6FB07180E9839004C840B /* libcocos2d iOS.a */ = {
			isa = PBXReferenceProxy;
			fileType = archive.ar;
			path = "libcocos2d iOS.a";
			remoteRef = 1AC6FB06180E9839004C840B /* PBXContainerItemProxy */;
			sourceTree = BUILT_PRODUCTS_DIR;
		};
		8A0F53841CF2D8900048A61F /* libcocos2d tvOS.a */ = {
			isa = PBXReferenceProxy;
			fileType = archive.ar;
			path = "libcocos2d tvOS.a";
			remoteRef = 8A0F53831CF2D8900048A61F /* PBXContainerItemProxy */;
			sourceTree = BUILT_PRODUCTS_DIR;
		};
/* End PBXReferenceProxy section */

/* Begin PBXResourcesBuildPhase section */
		1D60588D0D05DD3D006BFB54 /* Resources */ = {
			isa = PBXResourcesBuildPhase;
			buildActionMask = 2147483647;
			files = (
				8A1B0FA51CF6D2BA00546014 /* ic_menu_home_on_66@2x.png in Resources */,
				8AC9D14B1CF6C742002D1CC5 /* chara02_name.png in Resources */,
				8AC9D13E1CF6C742002D1CC5 /* logotypejp_mp_m_1_1.ttf in Resources */,
				8AC9D1401CF6C742002D1CC5 /* chara01_back_left.png in Resources */,
				5087E77F17EB970100C73F5D /* Default@2x.png in Resources */,
				8A43E88F1CFFFD5100A2654F /* images in Resources */,
				8AC9D1571CF6C742002D1CC5 /* se_sample.mp3 in Resources */,
				8AC9D1491CF6C742002D1CC5 /* chara02_back_stand.png in Resources */,
				8AC9D13C1CF6C742002D1CC5 /* arial.ttf in Resources */,
				8A1B0FA61CF6D2BA00546014 /* ic_menu_setting_66@2x.png in Resources */,
				8AC9D14E1CF6C742002D1CC5 /* chara03_back_stand.png in Resources */,
				8AC9C3131CF535AE0067A617 /* Main.storyboard in Resources */,
				8AC9D1461CF6C742002D1CC5 /* chara01_name.png in Resources */,
				8A1B0FA31CF6D2BA00546014 /* ic_menu_chara_on_66@2x.png in Resources */,
				8AC9C3101CF535AE0067A617 /* LaunchScreen.storyboard in Resources */,
				8AC9D1471CF6C742002D1CC5 /* chara02_back_left.png in Resources */,
				8AC9D1561CF6C742002D1CC5 /* sample.mp3 in Resources */,
				8AC9D1421CF6C742002D1CC5 /* chara01_back_stand.png in Resources */,
				8A1B0FA41CF6D2BA00546014 /* ic_menu_home_66@2x.png in Resources */,
				5087E77D17EB970100C73F5D /* Default-568h@2x.png in Resources */,
				8AC9D1551CF6C742002D1CC5 /* .gitkeep in Resources */,
				8AC9D1411CF6C742002D1CC5 /* chara01_back_right.png in Resources */,
				8AC9D14F1CF6C742002D1CC5 /* chara03_front_stand.png in Resources */,
				8AC9D1501CF6C742002D1CC5 /* chara03_name.png in Resources */,
				8AC9D1431CF6C742002D1CC5 /* chara01_front_left.png in Resources */,
				521A8E6519F0C34300D177D7 /* Default-736h@3x.png in Resources */,
				8A43E8911CFFFDEC00A2654F /* map in Resources */,
				8AC9D14A1CF6C742002D1CC5 /* chara02_front_stand.png in Resources */,
				8AC9D1481CF6C742002D1CC5 /* chara02_back_right.png in Resources */,
				8AC9D1451CF6C742002D1CC5 /* chara01_front_stand.png in Resources */,
				8A1B0FA71CF6D2BA00546014 /* ic_menu_setting_on_66@2x.png in Resources */,
				8A43E8931CFFFDF400A2654F /* music in Resources */,
				8A630CFA1CFD6F8A00D7595F /* HelloWorld.png in Resources */,
				8AC9C2FF1CF535990067A617 /* GameStoryboard.storyboard in Resources */,
				8AC9C3141CF535AE0067A617 /* MasterData.plist in Resources */,
				5087E77E17EB970100C73F5D /* Default.png in Resources */,
				8AC9D1441CF6C742002D1CC5 /* chara01_front_right.png in Resources */,
				521A8E6419F0C34300D177D7 /* Default-667h@2x.png in Resources */,
				8A1B0FA21CF6D2BA00546014 /* ic_menu_chara_66@2x.png in Resources */,
				8AC9D14C1CF6C742002D1CC5 /* chara03_back_left.png in Resources */,
				8AC9D14D1CF6C742002D1CC5 /* chara03_back_right.png in Resources */,
				8A7246C31CF6C1B800D856E3 /* Assets.xcassets in Resources */,
				8A43E8951CFFFDFE00A2654F /* se in Resources */,
			);
			runOnlyForDeploymentPostprocessing = 0;
		};
		5087E74817EB910900C73F5D /* Resources */ = {
			isa = PBXResourcesBuildPhase;
			buildActionMask = 2147483647;
			files = (
				503AE0F817EB97AB00D1A890 /* Icon.icns in Resources */,
			);
			runOnlyForDeploymentPostprocessing = 0;
		};
/* End PBXResourcesBuildPhase section */

/* Begin PBXSourcesBuildPhase section */
		1D60588E0D05DD3D006BFB54 /* Sources */ = {
			isa = PBXSourcesBuildPhase;
			buildActionMask = 2147483647;
			files = (
				8AC9C2F71CF535880067A617 /* IOSAppDelegate.m in Sources */,
				2CF5848D1CFEDA7300AD2978 /* AudioUtils.cpp in Sources */,
				2CF584811CFECDA600AD2978 /* TitleScene.cpp in Sources */,
				8AC9C2F91CF535880067A617 /* CocosController.mm in Sources */,
				2CF5847F1CFECDA600AD2978 /* Stage.cpp in Sources */,
				503AE10217EB989F00D1A890 /* RootViewController.mm in Sources */,
				8AC9C3001CF535990067A617 /* GameViewController.mm in Sources */,
				8AC9C3241CF537C80067A617 /* SaveTheBird.xcdatamodeld in Sources */,
				8AC9C3221CF537C80067A617 /* Charactor.m in Sources */,
				8AC9C3181CF535AE0067A617 /* SettingViewController.m in Sources */,
				8AC9C3231CF537C80067A617 /* Charactor+CoreDataProperties.m in Sources */,
				2CF5847E1CFECDA600AD2978 /* Player.cpp in Sources */,
				8AC9C32C1CF53EF10067A617 /* AppDelegate.cpp in Sources */,
				8AC9C2F81CF535880067A617 /* CharactorViewController.m in Sources */,
				8AC9C3121CF535AE0067A617 /* main.m in Sources */,
				8AC9C3011CF535990067A617 /* HomeViewController.m in Sources */,
				2CF5847D1CFECDA600AD2978 /* MainScene.cpp in Sources */,
			);
			runOnlyForDeploymentPostprocessing = 0;
		};
		5087E75617EB910900C73F5D /* Sources */ = {
			isa = PBXSourcesBuildPhase;
			buildActionMask = 2147483647;
			files = (
				503AE10517EB98FF00D1A890 /* main.cpp in Sources */,
			);
			runOnlyForDeploymentPostprocessing = 0;
		};
/* End PBXSourcesBuildPhase section */

/* Begin PBXTargetDependency section */
		1AC6FB16180E9959004C840B /* PBXTargetDependency */ = {
			isa = PBXTargetDependency;
			name = "cocos2dx Mac";
			targetProxy = 1AC6FB15180E9959004C840B /* PBXContainerItemProxy */;
		};
		1AC6FB25180E99E1004C840B /* PBXTargetDependency */ = {
			isa = PBXTargetDependency;
			name = "cocos2dx iOS";
			targetProxy = 1AC6FB24180E99E1004C840B /* PBXContainerItemProxy */;
		};
/* End PBXTargetDependency section */

/* Begin XCBuildConfiguration section */
		1D6058940D05DD3E006BFB54 /* Debug */ = {
			isa = XCBuildConfiguration;
			buildSettings = {
				ALWAYS_SEARCH_USER_PATHS = YES;
				ASSETCATALOG_COMPILER_APPICON_NAME = AppIcon;
				CODE_SIGN_IDENTITY = "iPhone Developer";
				"CODE_SIGN_IDENTITY[sdk=iphoneos*]" = "iPhone Developer";
				COMPRESS_PNG_FILES = NO;
				ENABLE_BITCODE = NO;
				GCC_DYNAMIC_NO_PIC = NO;
				GCC_INLINES_ARE_PRIVATE_EXTERN = NO;
				GCC_PRECOMPILE_PREFIX_HEADER = YES;
				GCC_PREFIX_HEADER = ios/Prefix.pch;
				GCC_PREPROCESSOR_DEFINITIONS = (
					USE_FILE32API,
					"COCOS2D_DEBUG=1",
					"CC_ENABLE_CHIPMUNK_INTEGRATION=1",
				);
				GCC_SYMBOLS_PRIVATE_EXTERN = NO;
				HEADER_SEARCH_PATHS = (
					"$(inherited)",
					"\"$(SRCROOT)/../external/glfw3/prebuilt/mac\"",
					"\"$(SRCROOT)/../external/png/prebuilt/mac\"",
					"\"$(SRCROOT)/../external/jpeg/prebuilt/mac\"",
					"\"$(SRCROOT)/../external/tiff/prebuilt/mac\"",
					"\"$(SRCROOT)/../external/webp/prebuilt/mac\"",
					"\"$(SRCROOT)/../external/freetype2/prebuilt/mac\"",
					"\"$(SRCROOT)/../external/chipmunk/prebuilt/mac\"",
					"\"$(SRCROOT)/../external/websockets/prebuilt/mac\"",
					"\"$(SRCROOT)/../external/zlib/prebuilt/mac\"",
					"\"$(SRCROOT)/../external/curl/prebuilt/mac\"",
				);
				INFOPLIST_FILE = ios/Info.plist;
				IPHONEOS_DEPLOYMENT_TARGET = 9.0;
				LIBRARY_SEARCH_PATHS = "";
				OTHER_LDFLAGS = (
					"$(_COCOS_LIB_IOS_BEGIN)",
					"$(_COCOS_LIB_IOS_END)",
				);
				PRODUCT_BUNDLE_IDENTIFIER = savethebird.SaveTheBirdCocos;
				PROVISIONING_PROFILE = "";
				SDKROOT = iphoneos;
				STRIP_PNG_TEXT = NO;
				TARGETED_DEVICE_FAMILY = 1;
				USER_HEADER_SEARCH_PATHS = "$(_COCOS_HEADER_IOS_BEGIN) $(_COCOS_HEADER_IOS_END)";
				VALID_ARCHS = "arm64 armv7";
			};
			name = Debug;
		};
		1D6058950D05DD3E006BFB54 /* Release */ = {
			isa = XCBuildConfiguration;
			buildSettings = {
				ALWAYS_SEARCH_USER_PATHS = YES;
				ASSETCATALOG_COMPILER_APPICON_NAME = AppIcon;
				CODE_SIGN_IDENTITY = "iPhone Developer";
				"CODE_SIGN_IDENTITY[sdk=iphoneos*]" = "iPhone Developer";
				COMPRESS_PNG_FILES = NO;
				ENABLE_BITCODE = NO;
				GCC_INLINES_ARE_PRIVATE_EXTERN = NO;
				GCC_PRECOMPILE_PREFIX_HEADER = YES;
				GCC_PREFIX_HEADER = ios/Prefix.pch;
				GCC_PREPROCESSOR_DEFINITIONS = (
					USE_FILE32API,
					"CC_ENABLE_CHIPMUNK_INTEGRATION=1",
				);
				GCC_SYMBOLS_PRIVATE_EXTERN = NO;
				HEADER_SEARCH_PATHS = (
					"$(inherited)",
					"\"$(SRCROOT)/../external/glfw3/prebuilt/mac\"",
					"\"$(SRCROOT)/../external/png/prebuilt/mac\"",
					"\"$(SRCROOT)/../external/jpeg/prebuilt/mac\"",
					"\"$(SRCROOT)/../external/tiff/prebuilt/mac\"",
					"\"$(SRCROOT)/../external/webp/prebuilt/mac\"",
					"\"$(SRCROOT)/../external/freetype2/prebuilt/mac\"",
					"\"$(SRCROOT)/../external/chipmunk/prebuilt/mac\"",
					"\"$(SRCROOT)/../external/websockets/prebuilt/mac\"",
					"\"$(SRCROOT)/../external/zlib/prebuilt/mac\"",
					"\"$(SRCROOT)/../external/curl/prebuilt/mac\"",
				);
				INFOPLIST_FILE = ios/Info.plist;
				IPHONEOS_DEPLOYMENT_TARGET = 9.0;
				LIBRARY_SEARCH_PATHS = "";
				OTHER_LDFLAGS = (
					"$(_COCOS_LIB_IOS_BEGIN)",
					"$(_COCOS_LIB_IOS_END)",
				);
				PRODUCT_BUNDLE_IDENTIFIER = savethebird.SaveTheBirdCocos;
				PROVISIONING_PROFILE = "";
				SDKROOT = iphoneos;
				STRIP_PNG_TEXT = NO;
				TARGETED_DEVICE_FAMILY = 1;
				USER_HEADER_SEARCH_PATHS = "$(_COCOS_HEADER_IOS_BEGIN) $(_COCOS_HEADER_IOS_END)";
				VALID_ARCHS = "arm64 armv7";
			};
			name = Release;
		};
		5087E76D17EB910900C73F5D /* Debug */ = {
			isa = XCBuildConfiguration;
			buildSettings = {
				ALWAYS_SEARCH_USER_PATHS = YES;
				CLANG_CXX_LANGUAGE_STANDARD = "c++0x";
				CLANG_CXX_LIBRARY = "libc++";
				COMBINE_HIDPI_IMAGES = YES;
				GCC_DYNAMIC_NO_PIC = NO;
				GCC_INLINES_ARE_PRIVATE_EXTERN = NO;
				GCC_PRECOMPILE_PREFIX_HEADER = YES;
				GCC_PREFIX_HEADER = mac/Prefix.pch;
				GCC_PREPROCESSOR_DEFINITIONS = (
					USE_FILE32API,
					"COCOS2D_DEBUG=1",
					"CC_ENABLE_CHIPMUNK_INTEGRATION=1",
				);
				GCC_SYMBOLS_PRIVATE_EXTERN = NO;
				HEADER_SEARCH_PATHS = (
					"$(inherited)",
					"$(SRCROOT)/../cocos2d/external/glfw3/include/mac",
				);
				INFOPLIST_FILE = mac/Info.plist;
				LIBRARY_SEARCH_PATHS = "";
				OTHER_LDFLAGS = (
					"$(_COCOS_LIB_MAC_BEGIN)",
					"$(_COCOS_LIB_MAC_END)",
				);
				PRODUCT_BUNDLE_IDENTIFIER = savethebird.SaveTheBird;
				USER_HEADER_SEARCH_PATHS = "$(_COCOS_HEADER_MAC_BEGIN) $(_COCOS_HEADER_MAC_END)";
			};
			name = Debug;
		};
		5087E76E17EB910900C73F5D /* Release */ = {
			isa = XCBuildConfiguration;
			buildSettings = {
				ALWAYS_SEARCH_USER_PATHS = YES;
				CLANG_CXX_LANGUAGE_STANDARD = "c++0x";
				CLANG_CXX_LIBRARY = "libc++";
				COMBINE_HIDPI_IMAGES = YES;
				GCC_INLINES_ARE_PRIVATE_EXTERN = NO;
				GCC_PRECOMPILE_PREFIX_HEADER = YES;
				GCC_PREFIX_HEADER = mac/Prefix.pch;
				GCC_PREPROCESSOR_DEFINITIONS = (
					USE_FILE32API,
					"CC_ENABLE_CHIPMUNK_INTEGRATION=1",
				);
				GCC_SYMBOLS_PRIVATE_EXTERN = NO;
				HEADER_SEARCH_PATHS = (
					"$(inherited)",
					"$(SRCROOT)/../cocos2d/external/glfw3/include/mac",
				);
				INFOPLIST_FILE = mac/Info.plist;
				LIBRARY_SEARCH_PATHS = "";
				OTHER_LDFLAGS = (
					"$(_COCOS_LIB_MAC_BEGIN)",
					"$(_COCOS_LIB_MAC_END)",
				);
				PRODUCT_BUNDLE_IDENTIFIER = savethebird.SaveTheBird;
				USER_HEADER_SEARCH_PATHS = "$(_COCOS_HEADER_MAC_BEGIN) $(_COCOS_HEADER_MAC_END)";
			};
			name = Release;
		};
		C01FCF4F08A954540054247B /* Debug */ = {
			isa = XCBuildConfiguration;
			buildSettings = {
				CLANG_CXX_LANGUAGE_STANDARD = "c++0x";
				CLANG_CXX_LIBRARY = "libc++";
				COPY_PHASE_STRIP = NO;
				ENABLE_TESTABILITY = YES;
				GCC_OPTIMIZATION_LEVEL = 0;
				GCC_WARN_ABOUT_RETURN_TYPE = YES;
				GCC_WARN_UNUSED_VARIABLE = YES;
				HEADER_SEARCH_PATHS = (
					"$(SRCROOT)/../cocos2d",
					"$(SRCROOT)/../cocos2d/cocos/audio/include",
					"$(SRCROOT)/../cocos2d/cocos",
					"$(SRCROOT)/../cocos2d/extensions",
					"$(SRCROOT)/../cocos2d/external",
					"$(SRCROOT)/../cocos2d/external/chipmunk/include/chipmunk",
				);
				IPHONEOS_DEPLOYMENT_TARGET = 8.0;
				MACOSX_DEPLOYMENT_TARGET = 10.7;
				ONLY_ACTIVE_ARCH = YES;
				PRODUCT_NAME = "$(TARGET_NAME)";
				SDKROOT = macosx;
			};
			name = Debug;
		};
		C01FCF5008A954540054247B /* Release */ = {
			isa = XCBuildConfiguration;
			buildSettings = {
				CLANG_CXX_LANGUAGE_STANDARD = "c++0x";
				CLANG_CXX_LIBRARY = "libc++";
				GCC_WARN_ABOUT_RETURN_TYPE = YES;
				GCC_WARN_UNUSED_VARIABLE = YES;
				HEADER_SEARCH_PATHS = (
					"$(SRCROOT)/../cocos2d",
					"$(SRCROOT)/../cocos2d/cocos/audio/include",
					"$(SRCROOT)/../cocos2d/cocos",
					"$(SRCROOT)/../cocos2d/extensions",
					"$(SRCROOT)/../cocos2d/external",
					"$(SRCROOT)/../cocos2d/external/chipmunk/include/chipmunk",
				);
				IPHONEOS_DEPLOYMENT_TARGET = 8.0;
				MACOSX_DEPLOYMENT_TARGET = 10.7;
				OTHER_CFLAGS = "-DNS_BLOCK_ASSERTIONS=1";
				PRODUCT_NAME = "$(TARGET_NAME)";
				SDKROOT = macosx;
				VALIDATE_PRODUCT = YES;
			};
			name = Release;
		};
/* End XCBuildConfiguration section */

/* Begin XCConfigurationList section */
		1D6058960D05DD3E006BFB54 /* Build configuration list for PBXNativeTarget "SaveTheBird-mobile" */ = {
			isa = XCConfigurationList;
			buildConfigurations = (
				1D6058940D05DD3E006BFB54 /* Debug */,
				1D6058950D05DD3E006BFB54 /* Release */,
			);
			defaultConfigurationIsVisible = 0;
			defaultConfigurationName = Debug;
		};
		5087E76C17EB910900C73F5D /* Build configuration list for PBXNativeTarget "SaveTheBird-desktop" */ = {
			isa = XCConfigurationList;
			buildConfigurations = (
				5087E76D17EB910900C73F5D /* Debug */,
				5087E76E17EB910900C73F5D /* Release */,
			);
			defaultConfigurationIsVisible = 0;
			defaultConfigurationName = Debug;
		};
		C01FCF4E08A954540054247B /* Build configuration list for PBXProject "SaveTheBird" */ = {
			isa = XCConfigurationList;
			buildConfigurations = (
				C01FCF4F08A954540054247B /* Debug */,
				C01FCF5008A954540054247B /* Release */,
			);
			defaultConfigurationIsVisible = 0;
			defaultConfigurationName = Debug;
		};
/* End XCConfigurationList section */

/* Begin XCVersionGroup section */
		8AC9C3211CF537C80067A617 /* SaveTheBird.xcdatamodeld */ = {
			isa = XCVersionGroup;
			children = (
			);
			name = SaveTheBird.xcdatamodeld;
			path = ../ios/SaveTheBird.xcdatamodeld;
			sourceTree = "<group>";
			versionGroupType = wrapper.xcdatamodel;
		};
/* End XCVersionGroup section */
	};
	rootObject = 29B97313FDCFA39411CA2CEA /* Project object */;
}
